
Microsoft Visual Studio Solution File, Format Version 12.00
# Visual Studio Version 17
VisualStudioVersion = 17.13.35919.96
MinimumVisualStudioVersion = 10.0.40219.1
Project("{FAE04EC0-301F-11D3-BF4B-00C04F79EFBC}") = "bola 8 magica", "bola 8 magica.csproj", "{1AD9E967-B744-4E24-BB69-34A668E8F592}"
EndProject
Project("{FAE04EC0-301F-11D3-BF4B-00C04F79EFBC}") = "bola8Magica.Logica", "..\bola8Magica.Logica\bola8Magica.Logica.csproj", "{326D58D0-E42F-40D4-9249-2E6F278C91BC}"
EndProject
Project("{FAE04EC0-301F-11D3-BF4B-00C04F79EFBC}") = "bola8Magica.Test", "..\bola8Magica.Test\bola8Magica.Test.csproj", "{607D7EEF-CF35-4B01-88B1-F256173B2BBA}"
EndProject
Global
	GlobalSection(SolutionConfigurationPlatforms) = preSolution
		Debug|Any CPU = Debug|Any CPU
		Release|Any CPU = Release|Any CPU
	EndGlobalSection
	GlobalSection(ProjectConfigurationPlatforms) = postSolution
		{1AD9E967-B744-4E24-BB69-34A668E8F592}.Debug|Any CPU.ActiveCfg = Debug|Any CPU
		{1AD9E967-B744-4E24-BB69-34A668E8F592}.Debug|Any CPU.Build.0 = Debug|Any CPU
		{1AD9E967-B744-4E24-BB69-34A668E8F592}.Release|Any CPU.ActiveCfg = Release|Any CPU
		{1AD9E967-B744-4E24-BB69-34A668E8F592}.Release|Any CPU.Build.0 = Release|Any CPU
		{326D58D0-E42F-40D4-9249-2E6F278C91BC}.Debug|Any CPU.ActiveCfg = Debug|Any CPU
		{326D58D0-E42F-40D4-9249-2E6F278C91BC}.Debug|Any CPU.Build.0 = Debug|Any CPU
		{326D58D0-E42F-40D4-9249-2E6F278C91BC}.Release|Any CPU.ActiveCfg = Release|Any CPU
		{326D58D0-E42F-40D4-9249-2E6F278C91BC}.Release|Any CPU.Build.0 = Release|Any CPU
		{607D7EEF-CF35-4B01-88B1-F256173B2BBA}.Debug|Any CPU.ActiveCfg = Debug|Any CPU
		{607D7EEF-CF35-4B01-88B1-F256173B2BBA}.Debug|Any CPU.Build.0 = Debug|Any CPU
		{607D7EEF-CF35-4B01-88B1-F256173B2BBA}.Release|Any CPU.ActiveCfg = Release|Any CPU
		{607D7EEF-CF35-4B01-88B1-F256173B2BBA}.Release|Any CPU.Build.0 = Release|Any CPU
	EndGlobalSection
	GlobalSection(SolutionProperties) = preSolution
		HideSolutionNode = FALSE
	EndGlobalSection
	GlobalSection(ExtensibilityGlobals) = postSolution
		SolutionGuid = {2A8ED9B2-0B37-4A48-92E3-44C4DB9FE5DB}
	EndGlobalSection
EndGlobal
