
Microsoft Visual Studio Solution File, Format Version 12.00
# Visual Studio Version 17
VisualStudioVersion = 17.12.35707.178 d17.12
MinimumVisualStudioVersion = 10.0.40219.1
Project("{FAE04EC0-301F-11D3-BF4B-00C04F79EFBC}") = "Clase4.POO.Web", "Clase4.POO.Web\Clase4.POO.Web.csproj", "{33B32BAE-9F73-467C-BD0A-5451349CD33A}"
EndProject
Project("{FAE04EC0-301F-11D3-BF4B-00C04F79EFBC}") = "Clase4.POO.Entidades", "Clase4.POO.Entidades\Clase4.POO.Entidades.csproj", "{EEB4CE9D-7AF6-4B67-9609-07014B197994}"
EndProject
Project("{FAE04EC0-301F-11D3-BF4B-00C04F79EFBC}") = "Clase4.POO.Logica", "Clase4.POO.Logica\Clase4.POO.Logica.csproj", "{F44EDCAE-31B7-48C9-9844-B8BFBEF070AA}"
EndProject
Global
	GlobalSection(SolutionConfigurationPlatforms) = preSolution
		Debug|Any CPU = Debug|Any CPU
		Release|Any CPU = Release|Any CPU
	EndGlobalSection
	GlobalSection(ProjectConfigurationPlatforms) = postSolution
		{33B32BAE-9F73-467C-BD0A-5451349CD33A}.Debug|Any CPU.ActiveCfg = Debug|Any CPU
		{33B32BAE-9F73-467C-BD0A-5451349CD33A}.Debug|Any CPU.Build.0 = Debug|Any CPU
		{33B32BAE-9F73-467C-BD0A-5451349CD33A}.Release|Any CPU.ActiveCfg = Release|Any CPU
		{33B32BAE-9F73-467C-BD0A-5451349CD33A}.Release|Any CPU.Build.0 = Release|Any CPU
		{EEB4CE9D-7AF6-4B67-9609-07014B197994}.Debug|Any CPU.ActiveCfg = Debug|Any CPU
		{EEB4CE9D-7AF6-4B67-9609-07014B197994}.Debug|Any CPU.Build.0 = Debug|Any CPU
		{EEB4CE9D-7AF6-4B67-9609-07014B197994}.Release|Any CPU.ActiveCfg = Release|Any CPU
		{EEB4CE9D-7AF6-4B67-9609-07014B197994}.Release|Any CPU.Build.0 = Release|Any CPU
		{F44EDCAE-31B7-48C9-9844-B8BFBEF070AA}.Debug|Any CPU.ActiveCfg = Debug|Any CPU
		{F44EDCAE-31B7-48C9-9844-B8BFBEF070AA}.Debug|Any CPU.Build.0 = Debug|Any CPU
		{F44EDCAE-31B7-48C9-9844-B8BFBEF070AA}.Release|Any CPU.ActiveCfg = Release|Any CPU
		{F44EDCAE-31B7-48C9-9844-B8BFBEF070AA}.Release|Any CPU.Build.0 = Release|Any CPU
	EndGlobalSection
	GlobalSection(SolutionProperties) = preSolution
		HideSolutionNode = FALSE
	EndGlobalSection
EndGlobal
