
Microsoft Visual Studio Solution File, Format Version 12.00
# Visual Studio Version 17
VisualStudioVersion = 17.11.35222.181
MinimumVisualStudioVersion = 10.0.40219.1
Project("{FAE04EC0-301F-11D3-BF4B-00C04F79EFBC}") = "Clase3.MVC.WebApp", "Clase3.MVC.WebApp\Clase3.MVC.WebApp.csproj", "{5DC35A85-40A6-472E-A0D5-40727CAEC793}"
EndProject
Project("{FAE04EC0-301F-11D3-BF4B-00C04F79EFBC}") = "Clase3.MVC.Entidades", "Clase3.MVC.Entidades\Clase3.MVC.Entidades.csproj", "{F64D9A3D-A5F9-4615-B76F-6E415FE673ED}"
EndProject
Project("{FAE04EC0-301F-11D3-BF4B-00C04F79EFBC}") = "Clase3.MVC.Servicio", "Clase3.MVC.Servicio\Clase3.MVC.Servicio.csproj", "{1891FBEE-08EB-4D3F-B8F9-6910D8860847}"
EndProject
Global
	GlobalSection(SolutionConfigurationPlatforms) = preSolution
		Debug|Any CPU = Debug|Any CPU
		Release|Any CPU = Release|Any CPU
	EndGlobalSection
	GlobalSection(ProjectConfigurationPlatforms) = postSolution
		{5DC35A85-40A6-472E-A0D5-40727CAEC793}.Debug|Any CPU.ActiveCfg = Debug|Any CPU
		{5DC35A85-40A6-472E-A0D5-40727CAEC793}.Debug|Any CPU.Build.0 = Debug|Any CPU
		{5DC35A85-40A6-472E-A0D5-40727CAEC793}.Release|Any CPU.ActiveCfg = Release|Any CPU
		{5DC35A85-40A6-472E-A0D5-40727CAEC793}.Release|Any CPU.Build.0 = Release|Any CPU
		{F64D9A3D-A5F9-4615-B76F-6E415FE673ED}.Debug|Any CPU.ActiveCfg = Debug|Any CPU
		{F64D9A3D-A5F9-4615-B76F-6E415FE673ED}.Debug|Any CPU.Build.0 = Debug|Any CPU
		{F64D9A3D-A5F9-4615-B76F-6E415FE673ED}.Release|Any CPU.ActiveCfg = Release|Any CPU
		{F64D9A3D-A5F9-4615-B76F-6E415FE673ED}.Release|Any CPU.Build.0 = Release|Any CPU
		{1891FBEE-08EB-4D3F-B8F9-6910D8860847}.Debug|Any CPU.ActiveCfg = Debug|Any CPU
		{1891FBEE-08EB-4D3F-B8F9-6910D8860847}.Debug|Any CPU.Build.0 = Debug|Any CPU
		{1891FBEE-08EB-4D3F-B8F9-6910D8860847}.Release|Any CPU.ActiveCfg = Release|Any CPU
		{1891FBEE-08EB-4D3F-B8F9-6910D8860847}.Release|Any CPU.Build.0 = Release|Any CPU
	EndGlobalSection
	GlobalSection(SolutionProperties) = preSolution
		HideSolutionNode = FALSE
	EndGlobalSection
	GlobalSection(ExtensibilityGlobals) = postSolution
		SolutionGuid = {59BD595D-8A82-458F-8C4A-4EEA1E4F95E1}
	EndGlobalSection
EndGlobal
